// !$*UTF8*$!
{
	archiveVersion = 1;
	classes = {
	};
	objectVersion = 50;
	objects = {

/* Begin PBXBuildFile section */
		349BDD0D212F9BCBBEC1F4E8 /* Pods_A.framework in Frameworks */ = {isa = PBXBuildFile; fileRef = 097747CB11F21BFEC0B31102 /* Pods_A.framework */; };
		AE1745CF225481CC00DDA153 /* AppDelegate.m in Sources */ = {isa = PBXBuildFile; fileRef = AE1745CE225481CC00DDA153 /* AppDelegate.m */; };
		AE1745D2225481CC00DDA153 /* ViewController.m in Sources */ = {isa = PBXBuildFile; fileRef = AE1745D1225481CC00DDA153 /* ViewController.m */; };
		AE1745D5225481CC00DDA153 /* Main.storyboard in Resources */ = {isa = PBXBuildFile; fileRef = AE1745D3225481CC00DDA153 /* Main.storyboard */; };
		AE1745D7225481CD00DDA153 /* Assets.xcassets in Resources */ = {isa = PBXBuildFile; fileRef = AE1745D6225481CD00DDA153 /* Assets.xcassets */; };
		AE1745DA225481CD00DDA153 /* LaunchScreen.storyboard in Resources */ = {isa = PBXBuildFile; fileRef = AE1745D8225481CD00DDA153 /* LaunchScreen.storyboard */; };
		AE1745DD225481CD00DDA153 /* main.m in Sources */ = {isa = PBXBuildFile; fileRef = AE1745DC225481CD00DDA153 /* main.m */; };
		AE1745E62254825200DDA153 /* AViewController.m in Sources */ = {isa = PBXBuildFile; fileRef = AE1745E52254825200DDA153 /* AViewController.m */; };
		AE1745EA2254847900DDA153 /* Target_A.m in Sources */ = {isa = PBXBuildFile; fileRef = AE1745E92254847900DDA153 /* Target_A.m */; };
/* End PBXBuildFile section */

/* Begin PBXFileReference section */
		033A7B74FD8B5404CDE4749F /* Pods-A.debug.xcconfig */ = {isa = PBXFileReference; includeInIndex = 1; lastKnownFileType = text.xcconfig; name = "Pods-A.debug.xcconfig"; path = "Target Support Files/Pods-A/Pods-A.debug.xcconfig"; sourceTree = "<group>"; };
		097747CB11F21BFEC0B31102 /* Pods_A.framework */ = {isa = PBXFileReference; explicitFileType = wrapper.framework; includeInIndex = 0; path = Pods_A.framework; sourceTree = BUILT_PRODUCTS_DIR; };
		AE1745CA225481CC00DDA153 /* A.app */ = {isa = PBXFileReference; explicitFileType = wrapper.application; includeInIndex = 0; path = A.app; sourceTree = BUILT_PRODUCTS_DIR; };
		AE1745CD225481CC00DDA153 /* AppDelegate.h */ = {isa = PBXFileReference; lastKnownFileType = sourcecode.c.h; path = AppDelegate.h; sourceTree = "<group>"; };
		AE1745CE225481CC00DDA153 /* AppDelegate.m */ = {isa = PBXFileReference; lastKnownFileType = sourcecode.c.objc; path = AppDelegate.m; sourceTree = "<group>"; };
		AE1745D0225481CC00DDA153 /* ViewController.h */ = {isa = PBXFileReference; lastKnownFileType = sourcecode.c.h; path = ViewController.h; sourceTree = "<group>"; };
		AE1745D1225481CC00DDA153 /* ViewController.m */ = {isa = PBXFileReference; lastKnownFileType = sourcecode.c.objc; path = ViewController.m; sourceTree = "<group>"; };
		AE1745D4225481CC00DDA153 /* Base */ = {isa = PBXFileReference; lastKnownFileType = file.storyboard; name = Base; path = Base.lproj/Main.storyboard; sourceTree = "<group>"; };
		AE1745D6225481CD00DDA153 /* Assets.xcassets */ = {isa = PBXFileReference; lastKnownFileType = folder.assetcatalog; path = Assets.xcassets; sourceTree = "<group>"; };
		AE1745D9225481CD00DDA153 /* Base */ = {isa = PBXFileReference; lastKnownFileType = file.storyboard; name = Base; path = Base.lproj/LaunchScreen.storyboard; sourceTree = "<group>"; };
		AE1745DB225481CD00DDA153 /* Info.plist */ = {isa = PBXFileReference; lastKnownFileType = text.plist.xml; path = Info.plist; sourceTree = "<group>"; };
		AE1745DC225481CD00DDA153 /* main.m */ = {isa = PBXFileReference; lastKnownFileType = sourcecode.c.objc; path = main.m; sourceTree = "<group>"; };
		AE1745E42254825200DDA153 /* AViewController.h */ = {isa = PBXFileReference; lastKnownFileType = sourcecode.c.h; path = AViewController.h; sourceTree = "<group>"; };
		AE1745E52254825200DDA153 /* AViewController.m */ = {isa = PBXFileReference; lastKnownFileType = sourcecode.c.objc; path = AViewController.m; sourceTree = "<group>"; };
		AE1745E82254847900DDA153 /* Target_A.h */ = {isa = PBXFileReference; lastKnownFileType = sourcecode.c.h; path = Target_A.h; sourceTree = "<group>"; };
		AE1745E92254847900DDA153 /* Target_A.m */ = {isa = PBXFileReference; lastKnownFileType = sourcecode.c.objc; path = Target_A.m; sourceTree = "<group>"; };
		C352BD4DD51B49B5B67230D2 /* Pods-A.release.xcconfig */ = {isa = PBXFileReference; includeInIndex = 1; lastKnownFileType = text.xcconfig; name = "Pods-A.release.xcconfig"; path = "Target Support Files/Pods-A/Pods-A.release.xcconfig"; sourceTree = "<group>"; };
/* End PBXFileReference section */

/* Begin PBXFrameworksBuildPhase section */
		AE1745C7225481CC00DDA153 /* Frameworks */ = {
			isa = PBXFrameworksBuildPhase;
			buildActionMask = 2147483647;
			files = (
				349BDD0D212F9BCBBEC1F4E8 /* Pods_A.framework in Frameworks */,
			);
			runOnlyForDeploymentPostprocessing = 0;
		};
/* End PBXFrameworksBuildPhase section */

/* Begin PBXGroup section */
		3ACD176C836B42F66BD0E51F /* Frameworks */ = {
			isa = PBXGroup;
			children = (
				097747CB11F21BFEC0B31102 /* Pods_A.framework */,
			);
			name = Frameworks;
			sourceTree = "<group>";
		};
		AE1745C1225481CC00DDA153 = {
			isa = PBXGroup;
			children = (
				AE1745CC225481CC00DDA153 /* A */,
				AE1745CB225481CC00DDA153 /* Products */,
				F4C029DADB023E97B0A80B0A /* Pods */,
				3ACD176C836B42F66BD0E51F /* Frameworks */,
			);
			sourceTree = "<group>";
		};
		AE1745CB225481CC00DDA153 /* Products */ = {
			isa = PBXGroup;
			children = (
				AE1745CA225481CC00DDA153 /* A.app */,
			);
			name = Products;
			sourceTree = "<group>";
		};
		AE1745CC225481CC00DDA153 /* A */ = {
			isa = PBXGroup;
			children = (
				AE1745E32254824400DDA153 /* A */,
				AE1745CD225481CC00DDA153 /* AppDelegate.h */,
				AE1745CE225481CC00DDA153 /* AppDelegate.m */,
				AE1745D0225481CC00DDA153 /* ViewController.h */,
				AE1745D1225481CC00DDA153 /* ViewController.m */,
				AE1745D3225481CC00DDA153 /* Main.storyboard */,
				AE1745D6225481CD00DDA153 /* Assets.xcassets */,
				AE1745D8225481CD00DDA153 /* LaunchScreen.storyboard */,
				AE1745DB225481CD00DDA153 /* Info.plist */,
				AE1745DC225481CD00DDA153 /* main.m */,
			);
			path = A;
			sourceTree = "<group>";
		};
		AE1745E32254824400DDA153 /* A */ = {
			isa = PBXGroup;
			children = (
				AE1745EB2254848A00DDA153 /* Controllers */,
				AE1745E72254846000DDA153 /* Targets */,
			);
			path = A;
			sourceTree = "<group>";
		};
		AE1745E72254846000DDA153 /* Targets */ = {
			isa = PBXGroup;
			children = (
				AE1745E82254847900DDA153 /* Target_A.h */,
				AE1745E92254847900DDA153 /* Target_A.m */,
			);
			path = Targets;
			sourceTree = "<group>";
		};
		AE1745EB2254848A00DDA153 /* Controllers */ = {
			isa = PBXGroup;
			children = (
				AE1745E42254825200DDA153 /* AViewController.h */,
				AE1745E52254825200DDA153 /* AViewController.m */,
			);
			path = Controllers;
			sourceTree = "<group>";
		};
		F4C029DADB023E97B0A80B0A /* Pods */ = {
			isa = PBXGroup;
			children = (
				033A7B74FD8B5404CDE4749F /* Pods-A.debug.xcconfig */,
				C352BD4DD51B49B5B67230D2 /* Pods-A.release.xcconfig */,
			);
			path = Pods;
			sourceTree = "<group>";
		};
/* End PBXGroup section */

/* Begin PBXNativeTarget section */
		AE1745C9225481CC00DDA153 /* A */ = {
			isa = PBXNativeTarget;
			buildConfigurationList = AE1745E0225481CD00DDA153 /* Build configuration list for PBXNativeTarget "A" */;
			buildPhases = (
				8C189AB583747FD918AB03CE /* [CP] Check Pods Manifest.lock */,
				AE1745C6225481CC00DDA153 /* Sources */,
				AE1745C7225481CC00DDA153 /* Frameworks */,
				AE1745C8225481CC00DDA153 /* Resources */,
				BDE3F9317B751EF22EE7B715 /* [CP] Embed Pods Frameworks */,
			);
			buildRules = (
			);
			dependencies = (
			);
			name = A;
			productName = A;
			productReference = AE1745CA225481CC00DDA153 /* A.app */;
			productType = "com.apple.product-type.application";
		};
/* End PBXNativeTarget section */

/* Begin PBXProject section */
		AE1745C2225481CC00DDA153 /* Project object */ = {
			isa = PBXProject;
			attributes = {
				LastUpgradeCheck = 1010;
				ORGANIZATIONNAME = CoderSLZeng;
				TargetAttributes = {
					AE1745C9225481CC00DDA153 = {
						CreatedOnToolsVersion = 10.1;
					};
				};
			};
			buildConfigurationList = AE1745C5225481CC00DDA153 /* Build configuration list for PBXProject "A" */;
			compatibilityVersion = "Xcode 9.3";
			developmentRegion = en;
			hasScannedForEncodings = 0;
			knownRegions = (
				en,
				Base,
			);
			mainGroup = AE1745C1225481CC00DDA153;
			productRefGroup = AE1745CB225481CC00DDA153 /* Products */;
			projectDirPath = "";
			projectRoot = "";
			targets = (
				AE1745C9225481CC00DDA153 /* A */,
			);
		};
/* End PBXProject section */

/* Begin PBXResourcesBuildPhase section */
		AE1745C8225481CC00DDA153 /* Resources */ = {
			isa = PBXResourcesBuildPhase;
			buildActionMask = 2147483647;
			files = (
				AE1745DA225481CD00DDA153 /* LaunchScreen.storyboard in Resources */,
				AE1745D7225481CD00DDA153 /* Assets.xcassets in Resources */,
				AE1745D5225481CC00DDA153 /* Main.storyboard in Resources */,
			);
			runOnlyForDeploymentPostprocessing = 0;
		};
/* End PBXResourcesBuildPhase section */

/* Begin PBXShellScriptBuildPhase section */
		8C189AB583747FD918AB03CE /* [CP] Check Pods Manifest.lock */ = {
			isa = PBXShellScriptBuildPhase;
			buildActionMask = 2147483647;
			files = (
			);
			inputFileListPaths = (
			);
			inputPaths = (
				"${PODS_PODFILE_DIR_PATH}/Podfile.lock",
				"${PODS_ROOT}/Manifest.lock",
			);
			name = "[CP] Check Pods Manifest.lock";
			outputFileListPaths = (
			);
			outputPaths = (
				"$(DERIVED_FILE_DIR)/Pods-A-checkManifestLockResult.txt",
			);
			runOnlyForDeploymentPostprocessing = 0;
			shellPath = /bin/sh;
			shellScript = "diff \"${PODS_PODFILE_DIR_PATH}/Podfile.lock\" \"${PODS_ROOT}/Manifest.lock\" > /dev/null\nif [ $? != 0 ] ; then\n    # print error to STDERR\n    echo \"error: The sandbox is not in sync with the Podfile.lock. Run 'pod install' or update your CocoaPods installation.\" >&2\n    exit 1\nfi\n# This output is used by Xcode 'outputs' to avoid re-running this script phase.\necho \"SUCCESS\" > \"${SCRIPT_OUTPUT_FILE_0}\"\n";
			showEnvVarsInLog = 0;
		};
		BDE3F9317B751EF22EE7B715 /* [CP] Embed Pods Frameworks */ = {
			isa = PBXShellScriptBuildPhase;
			buildActionMask = 2147483647;
			files = (
			);
			inputFileListPaths = (
			);
			inputPaths = (
				"${PODS_ROOT}/Target Support Files/Pods-A/Pods-A-frameworks.sh",
				"${BUILT_PRODUCTS_DIR}/B_Category/B_Category.framework",
				"${BUILT_PRODUCTS_DIR}/CTMediator/CTMediator.framework",
			);
			name = "[CP] Embed Pods Frameworks";
			outputFileListPaths = (
			);
			outputPaths = (
				"${TARGET_BUILD_DIR}/${FRAMEWORKS_FOLDER_PATH}/B_Category.framework",
				"${TARGET_BUILD_DIR}/${FRAMEWORKS_FOLDER_PATH}/CTMediator.framework",
			);
			runOnlyForDeploymentPostprocessing = 0;
			shellPath = /bin/sh;
			shellScript = "\"${PODS_ROOT}/Target Support Files/Pods-A/Pods-A-frameworks.sh\"\n";
			showEnvVarsInLog = 0;
		};
/* End PBXShellScriptBuildPhase section */

/* Begin PBXSourcesBuildPhase section */
		AE1745C6225481CC00DDA153 /* Sources */ = {
			isa = PBXSourcesBuildPhase;
			buildActionMask = 2147483647;
			files = (
				AE1745E62254825200DDA153 /* AViewController.m in Sources */,
				AE1745D2225481CC00DDA153 /* ViewController.m in Sources */,
				AE1745EA2254847900DDA153 /* Target_A.m in Sources */,
				AE1745DD225481CD00DDA153 /* main.m in Sources */,
				AE1745CF225481CC00DDA153 /* AppDelegate.m in Sources */,
			);
			runOnlyForDeploymentPostprocessing = 0;
		};
/* End PBXSourcesBuildPhase section */

/* Begin PBXVariantGroup section */
		AE1745D3225481CC00DDA153 /* Main.storyboard */ = {
			isa = PBXVariantGroup;
			children = (
				AE1745D4225481CC00DDA153 /* Base */,
			);
			name = Main.storyboard;
			sourceTree = "<group>";
		};
		AE1745D8225481CD00DDA153 /* LaunchScreen.storyboard */ = {
			isa = PBXVariantGroup;
			children = (
				AE1745D9225481CD00DDA153 /* Base */,
			);
			name = LaunchScreen.storyboard;
			sourceTree = "<group>";
		};
/* End PBXVariantGroup section */

/* Begin XCBuildConfiguration section */
		AE1745DE225481CD00DDA153 /* Debug */ = {
			isa = XCBuildConfiguration;
			buildSettings = {
				ALWAYS_SEARCH_USER_PATHS = NO;
				CLANG_ANALYZER_NONNULL = YES;
				CLANG_ANALYZER_NUMBER_OBJECT_CONVERSION = YES_AGGRESSIVE;
				CLANG_CXX_LANGUAGE_STANDARD = "gnu++14";
				CLANG_CXX_LIBRARY = "libc++";
				CLANG_ENABLE_MODULES = YES;
				CLANG_ENABLE_OBJC_ARC = YES;
				CLANG_ENABLE_OBJC_WEAK = YES;
				CLANG_WARN_BLOCK_CAPTURE_AUTORELEASING = YES;
				CLANG_WARN_BOOL_CONVERSION = YES;
				CLANG_WARN_COMMA = YES;
				CLANG_WARN_CONSTANT_CONVERSION = YES;
				CLANG_WARN_DEPRECATED_OBJC_IMPLEMENTATIONS = YES;
				CLANG_WARN_DIRECT_OBJC_ISA_USAGE = YES_ERROR;
				CLANG_WARN_DOCUMENTATION_COMMENTS = YES;
				CLANG_WARN_EMPTY_BODY = YES;
				CLANG_WARN_ENUM_CONVERSION = YES;
				CLANG_WARN_INFINITE_RECURSION = YES;
				CLANG_WARN_INT_CONVERSION = YES;
				CLANG_WARN_NON_LITERAL_NULL_CONVERSION = YES;
				CLANG_WARN_OBJC_IMPLICIT_RETAIN_SELF = YES;
				CLANG_WARN_OBJC_LITERAL_CONVERSION = YES;
				CLANG_WARN_OBJC_ROOT_CLASS = YES_ERROR;
				CLANG_WARN_RANGE_LOOP_ANALYSIS = YES;
				CLANG_WARN_STRICT_PROTOTYPES = YES;
				CLANG_WARN_SUSPICIOUS_MOVE = YES;
				CLANG_WARN_UNGUARDED_AVAILABILITY = YES_AGGRESSIVE;
				CLANG_WARN_UNREACHABLE_CODE = YES;
				CLANG_WARN__DUPLICATE_METHOD_MATCH = YES;
				CODE_SIGN_IDENTITY = "iPhone Developer";
				COPY_PHASE_STRIP = NO;
				DEBUG_INFORMATION_FORMAT = dwarf;
				ENABLE_STRICT_OBJC_MSGSEND = YES;
				ENABLE_TESTABILITY = YES;
				GCC_C_LANGUAGE_STANDARD = gnu11;
				GCC_DYNAMIC_NO_PIC = NO;
				GCC_NO_COMMON_BLOCKS = YES;
				GCC_OPTIMIZATION_LEVEL = 0;
				GCC_PREPROCESSOR_DEFINITIONS = (
					"DEBUG=1",
					"$(inherited)",
				);
				GCC_WARN_64_TO_32_BIT_CONVERSION = YES;
				GCC_WARN_ABOUT_RETURN_TYPE = YES_ERROR;
				GCC_WARN_UNDECLARED_SELECTOR = YES;
				GCC_WARN_UNINITIALIZED_AUTOS = YES_AGGRESSIVE;
				GCC_WARN_UNUSED_FUNCTION = YES;
				GCC_WARN_UNUSED_VARIABLE = YES;
				IPHONEOS_DEPLOYMENT_TARGET = 12.1;
				MTL_ENABLE_DEBUG_INFO = INCLUDE_SOURCE;
				MTL_FAST_MATH = YES;
				ONLY_ACTIVE_ARCH = YES;
				SDKROOT = iphoneos;
			};
			name = Debug;
		};
		AE1745DF225481CD00DDA153 /* Release */ = {
			isa = XCBuildConfiguration;
			buildSettings = {
				ALWAYS_SEARCH_USER_PATHS = NO;
				CLANG_ANALYZER_NONNULL = YES;
				CLANG_ANALYZER_NUMBER_OBJECT_CONVERSION = YES_AGGRESSIVE;
				CLANG_CXX_LANGUAGE_STANDARD = "gnu++14";
				CLANG_CXX_LIBRARY = "libc++";
				CLANG_ENABLE_MODULES = YES;
				CLANG_ENABLE_OBJC_ARC = YES;
				CLANG_ENABLE_OBJC_WEAK = YES;
				CLANG_WARN_BLOCK_CAPTURE_AUTORELEASING = YES;
				CLANG_WARN_BOOL_CONVERSION = YES;
				CLANG_WARN_COMMA = YES;
				CLANG_WARN_CONSTANT_CONVERSION = YES;
				CLANG_WARN_DEPRECATED_OBJC_IMPLEMENTATIONS = YES;
				CLANG_WARN_DIRECT_OBJC_ISA_USAGE = YES_ERROR;
				CLANG_WARN_DOCUMENTATION_COMMENTS = YES;
				CLANG_WARN_EMPTY_BODY = YES;
				CLANG_WARN_ENUM_CONVERSION = YES;
				CLANG_WARN_INFINITE_RECURSION = YES;
				CLANG_WARN_INT_CONVERSION = YES;
				CLANG_WARN_NON_LITERAL_NULL_CONVERSION = YES;
				CLANG_WARN_OBJC_IMPLICIT_RETAIN_SELF = YES;
				CLANG_WARN_OBJC_LITERAL_CONVERSION = YES;
				CLANG_WARN_OBJC_ROOT_CLASS = YES_ERROR;
				CLANG_WARN_RANGE_LOOP_ANALYSIS = YES;
				CLANG_WARN_STRICT_PROTOTYPES = YES;
				CLANG_WARN_SUSPICIOUS_MOVE = YES;
				CLANG_WARN_UNGUARDED_AVAILABILITY = YES_AGGRESSIVE;
				CLANG_WARN_UNREACHABLE_CODE = YES;
				CLANG_WARN__DUPLICATE_METHOD_MATCH = YES;
				CODE_SIGN_IDENTITY = "iPhone Developer";
				COPY_PHASE_STRIP = NO;
				DEBUG_INFORMATION_FORMAT = "dwarf-with-dsym";
				ENABLE_NS_ASSERTIONS = NO;
				ENABLE_STRICT_OBJC_MSGSEND = YES;
				GCC_C_LANGUAGE_STANDARD = gnu11;
				GCC_NO_COMMON_BLOCKS = YES;
				GCC_WARN_64_TO_32_BIT_CONVERSION = YES;
				GCC_WARN_ABOUT_RETURN_TYPE = YES_ERROR;
				GCC_WARN_UNDECLARED_SELECTOR = YES;
				GCC_WARN_UNINITIALIZED_AUTOS = YES_AGGRESSIVE;
				GCC_WARN_UNUSED_FUNCTION = YES;
				GCC_WARN_UNUSED_VARIABLE = YES;
				IPHONEOS_DEPLOYMENT_TARGET = 12.1;
				MTL_ENABLE_DEBUG_INFO = NO;
				MTL_FAST_MATH = YES;
				SDKROOT = iphoneos;
				VALIDATE_PRODUCT = YES;
			};
			name = Release;
		};
		AE1745E1225481CD00DDA153 /* Debug */ = {
			isa = XCBuildConfiguration;
			baseConfigurationReference = 033A7B74FD8B5404CDE4749F /* Pods-A.debug.xcconfig */;
			buildSettings = {
				ASSETCATALOG_COMPILER_APPICON_NAME = AppIcon;
				CODE_SIGN_STYLE = Automatic;
				DEVELOPMENT_TEAM = CF3ZTC43YH;
				INFOPLIST_FILE = A/Info.plist;
				IPHONEOS_DEPLOYMENT_TARGET = 11.0;
				LD_RUNPATH_SEARCH_PATHS = (
					"$(inherited)",
					"@executable_path/Frameworks",
				);
				PRODUCT_BUNDLE_IDENTIFIER = com.github.A;
				PRODUCT_NAME = "$(TARGET_NAME)";
				TARGETED_DEVICE_FAMILY = "1,2";
			};
			name = Debug;
		};
		AE1745E2225481CD00DDA153 /* Release */ = {
			isa = XCBuildConfiguration;
			baseConfigurationReference = C352BD4DD51B49B5B67230D2 /* Pods-A.release.xcconfig */;
			buildSettings = {
				ASSETCATALOG_COMPILER_APPICON_NAME = AppIcon;
				CODE_SIGN_STYLE = Automatic;
				DEVELOPMENT_TEAM = CF3ZTC43YH;
				INFOPLIST_FILE = A/Info.plist;
				IPHONEOS_DEPLOYMENT_TARGET = 11.0;
				LD_RUNPATH_SEARCH_PATHS = (
					"$(inherited)",
					"@executable_path/Frameworks",
				);
				PRODUCT_BUNDLE_IDENTIFIER = com.github.A;
				PRODUCT_NAME = "$(TARGET_NAME)";
				TARGETED_DEVICE_FAMILY = "1,2";
			};
			name = Release;
		};
/* End XCBuildConfiguration section */

/* Begin XCConfigurationList section */
		AE1745C5225481CC00DDA153 /* Build configuration list for PBXProject "A" */ = {
			isa = XCConfigurationList;
			buildConfigurations = (
				AE1745DE225481CD00DDA153 /* Debug */,
				AE1745DF225481CD00DDA153 /* Release */,
			);
			defaultConfigurationIsVisible = 0;
			defaultConfigurationName = Release;
		};
		AE1745E0225481CD00DDA153 /* Build configuration list for PBXNativeTarget "A" */ = {
			isa = XCConfigurationList;
			buildConfigurations = (
				AE1745E1225481CD00DDA153 /* Debug */,
				AE1745E2225481CD00DDA153 /* Release */,
			);
			defaultConfigurationIsVisible = 0;
			defaultConfigurationName = Release;
		};
/* End XCConfigurationList section */
	};
	rootObject = AE1745C2225481CC00DDA153 /* Project object */;
}
